
Microsoft Visual Studio Solution File, Format Version 12.00
# Visual Studio Version 17
VisualStudioVersion = 17.13.35913.81
MinimumVisualStudioVersion = 10.0.40219.1
Project("{FAE04EC0-301F-11D3-BF4B-00C04F79EFBC}") = "InventoryManagement", "InventoryManagement\InventoryManagement.csproj", "{F8EAA7D7-BE56-4784-B7C2-04EDFE1825B5}"
EndProject
Project("{FAE04EC0-301F-11D3-BF4B-00C04F79EFBC}") = "InventoryManagement.Tests", "InventoryManagement.Tests\InventoryManagement.Tests.csproj", "{872BCCC8-C68B-4494-9669-EE8B4E015695}"
EndProject
Project("{FAE04EC0-301F-11D3-BF4B-00C04F79EFBC}") = "InventoryMangement", "InventoryMangement\InventoryMangement.csproj", "{6BAC147E-2C52-41F7-97C4-2AC12A39CBBA}"
EndProject
Project("{FAE04EC0-301F-11D3-BF4B-00C04F79EFBC}") = "InventoryManagementConsole", "InventoryManagementConsole\InventoryManagementConsole.csproj", "{077B606D-E007-41EF-AAE7-82B7BD12ED53}"
EndProject
Global
	GlobalSection(SolutionConfigurationPlatforms) = preSolution
		Debug|Any CPU = Debug|Any CPU
		Debug|x64 = Debug|x64
		Debug|x86 = Debug|x86
		Release|Any CPU = Release|Any CPU
		Release|x64 = Release|x64
		Release|x86 = Release|x86
	EndGlobalSection
	GlobalSection(ProjectConfigurationPlatforms) = postSolution
		{F8EAA7D7-BE56-4784-B7C2-04EDFE1825B5}.Debug|Any CPU.ActiveCfg = Debug|Any CPU
		{F8EAA7D7-BE56-4784-B7C2-04EDFE1825B5}.Debug|Any CPU.Build.0 = Debug|Any CPU
		{F8EAA7D7-BE56-4784-B7C2-04EDFE1825B5}.Debug|x64.ActiveCfg = Debug|Any CPU
		{F8EAA7D7-BE56-4784-B7C2-04EDFE1825B5}.Debug|x64.Build.0 = Debug|Any CPU
		{F8EAA7D7-BE56-4784-B7C2-04EDFE1825B5}.Debug|x86.ActiveCfg = Debug|Any CPU
		{F8EAA7D7-BE56-4784-B7C2-04EDFE1825B5}.Debug|x86.Build.0 = Debug|Any CPU
		{F8EAA7D7-BE56-4784-B7C2-04EDFE1825B5}.Release|Any CPU.ActiveCfg = Release|Any CPU
		{F8EAA7D7-BE56-4784-B7C2-04EDFE1825B5}.Release|Any CPU.Build.0 = Release|Any CPU
		{F8EAA7D7-BE56-4784-B7C2-04EDFE1825B5}.Release|x64.ActiveCfg = Release|Any CPU
		{F8EAA7D7-BE56-4784-B7C2-04EDFE1825B5}.Release|x64.Build.0 = Release|Any CPU
		{F8EAA7D7-BE56-4784-B7C2-04EDFE1825B5}.Release|x86.ActiveCfg = Release|Any CPU
		{F8EAA7D7-BE56-4784-B7C2-04EDFE1825B5}.Release|x86.Build.0 = Release|Any CPU
		{872BCCC8-C68B-4494-9669-EE8B4E015695}.Debug|Any CPU.ActiveCfg = Debug|Any CPU
		{872BCCC8-C68B-4494-9669-EE8B4E015695}.Debug|Any CPU.Build.0 = Debug|Any CPU
		{872BCCC8-C68B-4494-9669-EE8B4E015695}.Debug|x64.ActiveCfg = Debug|Any CPU
		{872BCCC8-C68B-4494-9669-EE8B4E015695}.Debug|x64.Build.0 = Debug|Any CPU
		{872BCCC8-C68B-4494-9669-EE8B4E015695}.Debug|x86.ActiveCfg = Debug|Any CPU
		{872BCCC8-C68B-4494-9669-EE8B4E015695}.Debug|x86.Build.0 = Debug|Any CPU
		{872BCCC8-C68B-4494-9669-EE8B4E015695}.Release|Any CPU.ActiveCfg = Release|Any CPU
		{872BCCC8-C68B-4494-9669-EE8B4E015695}.Release|Any CPU.Build.0 = Release|Any CPU
		{872BCCC8-C68B-4494-9669-EE8B4E015695}.Release|x64.ActiveCfg = Release|Any CPU
		{872BCCC8-C68B-4494-9669-EE8B4E015695}.Release|x64.Build.0 = Release|Any CPU
		{872BCCC8-C68B-4494-9669-EE8B4E015695}.Release|x86.ActiveCfg = Release|Any CPU
		{872BCCC8-C68B-4494-9669-EE8B4E015695}.Release|x86.Build.0 = Release|Any CPU
		{6BAC147E-2C52-41F7-97C4-2AC12A39CBBA}.Debug|Any CPU.ActiveCfg = Debug|Any CPU
		{6BAC147E-2C52-41F7-97C4-2AC12A39CBBA}.Debug|Any CPU.Build.0 = Debug|Any CPU
		{6BAC147E-2C52-41F7-97C4-2AC12A39CBBA}.Debug|x64.ActiveCfg = Debug|Any CPU
		{6BAC147E-2C52-41F7-97C4-2AC12A39CBBA}.Debug|x64.Build.0 = Debug|Any CPU
		{6BAC147E-2C52-41F7-97C4-2AC12A39CBBA}.Debug|x86.ActiveCfg = Debug|Any CPU
		{6BAC147E-2C52-41F7-97C4-2AC12A39CBBA}.Debug|x86.Build.0 = Debug|Any CPU
		{6BAC147E-2C52-41F7-97C4-2AC12A39CBBA}.Release|Any CPU.ActiveCfg = Release|Any CPU
		{6BAC147E-2C52-41F7-97C4-2AC12A39CBBA}.Release|Any CPU.Build.0 = Release|Any CPU
		{6BAC147E-2C52-41F7-97C4-2AC12A39CBBA}.Release|x64.ActiveCfg = Release|Any CPU
		{6BAC147E-2C52-41F7-97C4-2AC12A39CBBA}.Release|x64.Build.0 = Release|Any CPU
		{6BAC147E-2C52-41F7-97C4-2AC12A39CBBA}.Release|x86.ActiveCfg = Release|Any CPU
		{6BAC147E-2C52-41F7-97C4-2AC12A39CBBA}.Release|x86.Build.0 = Release|Any CPU
		{077B606D-E007-41EF-AAE7-82B7BD12ED53}.Debug|Any CPU.ActiveCfg = Debug|Any CPU
		{077B606D-E007-41EF-AAE7-82B7BD12ED53}.Debug|Any CPU.Build.0 = Debug|Any CPU
		{077B606D-E007-41EF-AAE7-82B7BD12ED53}.Debug|x64.ActiveCfg = Debug|Any CPU
		{077B606D-E007-41EF-AAE7-82B7BD12ED53}.Debug|x64.Build.0 = Debug|Any CPU
		{077B606D-E007-41EF-AAE7-82B7BD12ED53}.Debug|x86.ActiveCfg = Debug|Any CPU
		{077B606D-E007-41EF-AAE7-82B7BD12ED53}.Debug|x86.Build.0 = Debug|Any CPU
		{077B606D-E007-41EF-AAE7-82B7BD12ED53}.Release|Any CPU.ActiveCfg = Release|Any CPU
		{077B606D-E007-41EF-AAE7-82B7BD12ED53}.Release|Any CPU.Build.0 = Release|Any CPU
		{077B606D-E007-41EF-AAE7-82B7BD12ED53}.Release|x64.ActiveCfg = Release|Any CPU
		{077B606D-E007-41EF-AAE7-82B7BD12ED53}.Release|x64.Build.0 = Release|Any CPU
		{077B606D-E007-41EF-AAE7-82B7BD12ED53}.Release|x86.ActiveCfg = Release|Any CPU
		{077B606D-E007-41EF-AAE7-82B7BD12ED53}.Release|x86.Build.0 = Release|Any CPU
	EndGlobalSection
	GlobalSection(SolutionProperties) = preSolution
		HideSolutionNode = FALSE
	EndGlobalSection
	GlobalSection(ExtensibilityGlobals) = postSolution
		SolutionGuid = {DAEF14BC-52B1-48D6-B91B-18E693B4A6AC}
	EndGlobalSection
EndGlobal
